
Microsoft Visual Studio Solution File, Format Version 12.00
# Visual Studio Version 17
VisualStudioVersion = 17.2.32630.192
MinimumVisualStudioVersion = 10.0.40219.1
Project("{8BC9CEB8-8B4A-11D0-8D11-00A0C91BC942}") = "CrashConfetti", "\\CHRISSERVER\Data\Documents\code projects etc\confetti\CrashConfetti\CrashConfetti\CrashConfetti.vcxproj", "{3AD2E19A-84CE-403A-9153-A7B7A15AE1E1}"
EndProject
Project("{9A19103F-16F7-4668-BE54-9A1E7A4F7556}") = "ConfettiCannon", "ConfettiCannon\ConfettiCannon.csproj", "{73949D70-993E-4E2A-A314-B1500A873E25}"
EndProject
Project("{2150E333-8FDC-42A3-9474-1A3956D46DE8}") = "Solution Items", "Solution Items", "{07943FDD-2835-4B2D-8195-ED468A5C9048}"
	ProjectSection(SolutionItems) = preProject
		Licensing Info.txt = Licensing Info.txt
	EndProjectSection
EndProject
Global
	GlobalSection(SolutionConfigurationPlatforms) = preSolution
		BothProjects|Any CPU = BothProjects|Any CPU
		BothProjects|x64 = BothProjects|x64
		BothProjects|x86 = BothProjects|x86
		Debug|Any CPU = Debug|Any CPU
		Debug|x64 = Debug|x64
		Debug|x86 = Debug|x86
		Release|Any CPU = Release|Any CPU
		Release|x64 = Release|x64
		Release|x86 = Release|x86
	EndGlobalSection
	GlobalSection(ProjectConfigurationPlatforms) = postSolution
		{3AD2E19A-84CE-403A-9153-A7B7A15AE1E1}.BothProjects|Any CPU.ActiveCfg = Both|x64
		{3AD2E19A-84CE-403A-9153-A7B7A15AE1E1}.BothProjects|Any CPU.Build.0 = Both|x64
		{3AD2E19A-84CE-403A-9153-A7B7A15AE1E1}.BothProjects|x64.ActiveCfg = Both|x64
		{3AD2E19A-84CE-403A-9153-A7B7A15AE1E1}.BothProjects|x64.Build.0 = Both|x64
		{3AD2E19A-84CE-403A-9153-A7B7A15AE1E1}.BothProjects|x86.ActiveCfg = Both|Win32
		{3AD2E19A-84CE-403A-9153-A7B7A15AE1E1}.BothProjects|x86.Build.0 = Both|Win32
		{3AD2E19A-84CE-403A-9153-A7B7A15AE1E1}.Debug|Any CPU.ActiveCfg = Debug|x64
		{3AD2E19A-84CE-403A-9153-A7B7A15AE1E1}.Debug|Any CPU.Build.0 = Debug|x64
		{3AD2E19A-84CE-403A-9153-A7B7A15AE1E1}.Debug|x64.ActiveCfg = Debug|x64
		{3AD2E19A-84CE-403A-9153-A7B7A15AE1E1}.Debug|x64.Build.0 = Debug|x64
		{3AD2E19A-84CE-403A-9153-A7B7A15AE1E1}.Debug|x86.ActiveCfg = Debug|Win32
		{3AD2E19A-84CE-403A-9153-A7B7A15AE1E1}.Debug|x86.Build.0 = Debug|Win32
		{3AD2E19A-84CE-403A-9153-A7B7A15AE1E1}.Release|Any CPU.ActiveCfg = Release|x64
		{3AD2E19A-84CE-403A-9153-A7B7A15AE1E1}.Release|Any CPU.Build.0 = Release|x64
		{3AD2E19A-84CE-403A-9153-A7B7A15AE1E1}.Release|x64.ActiveCfg = Release|x64
		{3AD2E19A-84CE-403A-9153-A7B7A15AE1E1}.Release|x64.Build.0 = Release|x64
		{3AD2E19A-84CE-403A-9153-A7B7A15AE1E1}.Release|x86.ActiveCfg = Release|Win32
		{3AD2E19A-84CE-403A-9153-A7B7A15AE1E1}.Release|x86.Build.0 = Release|Win32
		{73949D70-993E-4E2A-A314-B1500A873E25}.BothProjects|Any CPU.ActiveCfg = Both|Any CPU
		{73949D70-993E-4E2A-A314-B1500A873E25}.BothProjects|Any CPU.Build.0 = Both|Any CPU
		{73949D70-993E-4E2A-A314-B1500A873E25}.BothProjects|x64.ActiveCfg = Both|Any CPU
		{73949D70-993E-4E2A-A314-B1500A873E25}.BothProjects|x64.Build.0 = Both|Any CPU
		{73949D70-993E-4E2A-A314-B1500A873E25}.BothProjects|x86.ActiveCfg = Both|Any CPU
		{73949D70-993E-4E2A-A314-B1500A873E25}.BothProjects|x86.Build.0 = Both|Any CPU
		{73949D70-993E-4E2A-A314-B1500A873E25}.Debug|Any CPU.ActiveCfg = Debug|Any CPU
		{73949D70-993E-4E2A-A314-B1500A873E25}.Debug|Any CPU.Build.0 = Debug|Any CPU
		{73949D70-993E-4E2A-A314-B1500A873E25}.Debug|x64.ActiveCfg = Debug|Any CPU
		{73949D70-993E-4E2A-A314-B1500A873E25}.Debug|x64.Build.0 = Debug|Any CPU
		{73949D70-993E-4E2A-A314-B1500A873E25}.Debug|x86.ActiveCfg = Debug|Any CPU
		{73949D70-993E-4E2A-A314-B1500A873E25}.Debug|x86.Build.0 = Debug|Any CPU
		{73949D70-993E-4E2A-A314-B1500A873E25}.Release|Any CPU.ActiveCfg = Release|Any CPU
		{73949D70-993E-4E2A-A314-B1500A873E25}.Release|Any CPU.Build.0 = Release|Any CPU
		{73949D70-993E-4E2A-A314-B1500A873E25}.Release|x64.ActiveCfg = Release|Any CPU
		{73949D70-993E-4E2A-A314-B1500A873E25}.Release|x64.Build.0 = Release|Any CPU
		{73949D70-993E-4E2A-A314-B1500A873E25}.Release|x86.ActiveCfg = Release|Any CPU
		{73949D70-993E-4E2A-A314-B1500A873E25}.Release|x86.Build.0 = Release|Any CPU
	EndGlobalSection
	GlobalSection(SolutionProperties) = preSolution
		HideSolutionNode = FALSE
	EndGlobalSection
	GlobalSection(ExtensibilityGlobals) = postSolution
		SolutionGuid = {95485B45-0A4D-4E08-84B0-0F559A028282}
	EndGlobalSection
EndGlobal
